
Microsoft Visual Studio Solution File, Format Version 12.00
# Visual Studio Version 17
VisualStudioVersion = 17.3.32825.248
MinimumVisualStudioVersion = 10.0.40219.1
Project("{FAE04EC0-301F-11D3-BF4B-00C04F79EFBC}") = "LeetCodeRepo", "LeetCodeRepo\LeetCodeRepo.csproj", "{FCC43332-8A41-4FAA-89F9-D5A0BD1FD4CA}"
EndProject
Global
	GlobalSection(SolutionConfigurationPlatforms) = preSolution
		Debug|Any CPU = Debug|Any CPU
		Release|Any CPU = Release|Any CPU
	EndGlobalSection
	GlobalSection(ProjectConfigurationPlatforms) = postSolution
		{FCC43332-8A41-4FAA-89F9-D5A0BD1FD4CA}.Debug|Any CPU.ActiveCfg = Debug|Any CPU
		{FCC43332-8A41-4FAA-89F9-D5A0BD1FD4CA}.Debug|Any CPU.Build.0 = Debug|Any CPU
		{FCC43332-8A41-4FAA-89F9-D5A0BD1FD4CA}.Release|Any CPU.ActiveCfg = Release|Any CPU
		{FCC43332-8A41-4FAA-89F9-D5A0BD1FD4CA}.Release|Any CPU.Build.0 = Release|Any CPU
	EndGlobalSection
	GlobalSection(SolutionProperties) = preSolution
		HideSolutionNode = FALSE
	EndGlobalSection
	GlobalSection(ExtensibilityGlobals) = postSolution
		SolutionGuid = {D3216852-5CD2-46C8-85A7-837FF0444A92}
	EndGlobalSection
EndGlobal
